Microsoft Visual Studio Solution File, Format Version 12.00
# Visual Studio 2012
Project("{FAE04EC0-301F-11D3-BF4B-00C04F79EFBC}") = "Godot Project", "Godot Project.csproj", "{9596216B-04B0-410A-ADC4-2D13F2EC1316}"
EndProject
Global
	GlobalSection(SolutionConfigurationPlatforms) = preSolution
	Debug|Any CPU = Debug|Any CPU
	ExportDebug|Any CPU = ExportDebug|Any CPU
	ExportRelease|Any CPU = ExportRelease|Any CPU
	EndGlobalSection
	GlobalSection(ProjectConfigurationPlatforms) = postSolution
		{9596216B-04B0-410A-ADC4-2D13F2EC1316}.Debug|Any CPU.ActiveCfg = Debug|Any CPU
		{9596216B-04B0-410A-ADC4-2D13F2EC1316}.Debug|Any CPU.Build.0 = Debug|Any CPU
		{9596216B-04B0-410A-ADC4-2D13F2EC1316}.ExportDebug|Any CPU.ActiveCfg = ExportDebug|Any CPU
		{9596216B-04B0-410A-ADC4-2D13F2EC1316}.ExportDebug|Any CPU.Build.0 = ExportDebug|Any CPU
		{9596216B-04B0-410A-ADC4-2D13F2EC1316}.ExportRelease|Any CPU.ActiveCfg = ExportRelease|Any CPU
		{9596216B-04B0-410A-ADC4-2D13F2EC1316}.ExportRelease|Any CPU.Build.0 = ExportRelease|Any CPU
	EndGlobalSection
EndGlobal
